// !$*UTF8*$!
{
	archiveVersion = 1;
	classes = {
	};
	objectVersion = 56;
	objects = {

/* Begin PBXBuildFile section */
		EC346DFF2C7B381B00057986 /* DeckOfCardsApp.swift in Sources */ = {isa = PBXBuildFile; fileRef = EC346DFE2C7B381B00057986 /* DeckOfCardsApp.swift */; };
		EC346E012C7B381B00057986 /* ContentView.swift in Sources */ = {isa = PBXBuildFile; fileRef = EC346E002C7B381B00057986 /* ContentView.swift */; };
		EC346E032C7B381E00057986 /* Assets.xcassets in Resources */ = {isa = PBXBuildFile; fileRef = EC346E022C7B381E00057986 /* Assets.xcassets */; };
		EC346E062C7B381E00057986 /* Preview Assets.xcassets in Resources */ = {isa = PBXBuildFile; fileRef = EC346E052C7B381E00057986 /* Preview Assets.xcassets */; };
		EC346E102C7B381E00057986 /* DeckOfCardsTests.swift in Sources */ = {isa = PBXBuildFile; fileRef = EC346E0F2C7B381E00057986 /* DeckOfCardsTests.swift */; };
		EC346E1A2C7B381E00057986 /* DeckOfCardsUITests.swift in Sources */ = {isa = PBXBuildFile; fileRef = EC346E192C7B381E00057986 /* DeckOfCardsUITests.swift */; };
		EC346E1C2C7B381E00057986 /* DeckOfCardsUITestsLaunchTests.swift in Sources */ = {isa = PBXBuildFile; fileRef = EC346E1B2C7B381E00057986 /* DeckOfCardsUITestsLaunchTests.swift */; };
		EC374F992C7BA84200F6C80B /* DeckService.swift in Sources */ = {isa = PBXBuildFile; fileRef = EC374F982C7BA84200F6C80B /* DeckService.swift */; };
		EC374F9B2C7BA86600F6C80B /* Card.swift in Sources */ = {isa = PBXBuildFile; fileRef = EC374F9A2C7BA86600F6C80B /* Card.swift */; };
		EC374F9D2C7BA87300F6C80B /* Player.swift in Sources */ = {isa = PBXBuildFile; fileRef = EC374F9C2C7BA87300F6C80B /* Player.swift */; };
		EC374F9F2C7BA8D800F6C80B /* DeckResponse.swift in Sources */ = {isa = PBXBuildFile; fileRef = EC374F9E2C7BA8D800F6C80B /* DeckResponse.swift */; };
		EC374FA12C7BA93C00F6C80B /* DeckGameViewModel.swift in Sources */ = {isa = PBXBuildFile; fileRef = EC374FA02C7BA93C00F6C80B /* DeckGameViewModel.swift */; };
		EC374FA52C7BAB9800F6C80B /* Networking in Frameworks */ = {isa = PBXBuildFile; productRef = EC374FA42C7BAB9800F6C80B /* Networking */; };
		EC374FAC2C7BC08200F6C80B /* DeckEndpoint.swift in Sources */ = {isa = PBXBuildFile; fileRef = EC374FAB2C7BC08200F6C80B /* DeckEndpoint.swift */; };
		EC374FAE2C7BC15B00F6C80B /* Constants.swift in Sources */ = {isa = PBXBuildFile; fileRef = EC374FAD2C7BC15B00F6C80B /* Constants.swift */; };
		EC374FB02C7BC17B00F6C80B /* APIConstants.swift in Sources */ = {isa = PBXBuildFile; fileRef = EC374FAF2C7BC17B00F6C80B /* APIConstants.swift */; };
		EC7B92362C7C971900636C80 /* CardView.swift in Sources */ = {isa = PBXBuildFile; fileRef = EC7B92352C7C971900636C80 /* CardView.swift */; };
/* End PBXBuildFile section */

/* Begin PBXContainerItemProxy section */
		EC346E0C2C7B381E00057986 /* PBXContainerItemProxy */ = {
			isa = PBXContainerItemProxy;
			containerPortal = EC346DF32C7B381B00057986 /* Project object */;
			proxyType = 1;
			remoteGlobalIDString = EC346DFA2C7B381B00057986;
			remoteInfo = DeckOfCards;
		};
		EC346E162C7B381E00057986 /* PBXContainerItemProxy */ = {
			isa = PBXContainerItemProxy;
			containerPortal = EC346DF32C7B381B00057986 /* Project object */;
			proxyType = 1;
			remoteGlobalIDString = EC346DFA2C7B381B00057986;
			remoteInfo = DeckOfCards;
		};
/* End PBXContainerItemProxy section */

/* Begin PBXFileReference section */
		EC346DFB2C7B381B00057986 /* DeckOfCards.app */ = {isa = PBXFileReference; explicitFileType = wrapper.application; includeInIndex = 0; path = DeckOfCards.app; sourceTree = BUILT_PRODUCTS_DIR; };
		EC346DFE2C7B381B00057986 /* DeckOfCardsApp.swift */ = {isa = PBXFileReference; lastKnownFileType = sourcecode.swift; path = DeckOfCardsApp.swift; sourceTree = "<group>"; };
		EC346E002C7B381B00057986 /* ContentView.swift */ = {isa = PBXFileReference; lastKnownFileType = sourcecode.swift; path = ContentView.swift; sourceTree = "<group>"; };
		EC346E022C7B381E00057986 /* Assets.xcassets */ = {isa = PBXFileReference; lastKnownFileType = folder.assetcatalog; path = Assets.xcassets; sourceTree = "<group>"; };
		EC346E052C7B381E00057986 /* Preview Assets.xcassets */ = {isa = PBXFileReference; lastKnownFileType = folder.assetcatalog; path = "Preview Assets.xcassets"; sourceTree = "<group>"; };
		EC346E0B2C7B381E00057986 /* DeckOfCardsTests.xctest */ = {isa = PBXFileReference; explicitFileType = wrapper.cfbundle; includeInIndex = 0; path = DeckOfCardsTests.xctest; sourceTree = BUILT_PRODUCTS_DIR; };
		EC346E0F2C7B381E00057986 /* DeckOfCardsTests.swift */ = {isa = PBXFileReference; lastKnownFileType = sourcecode.swift; path = DeckOfCardsTests.swift; sourceTree = "<group>"; };
		EC346E152C7B381E00057986 /* DeckOfCardsUITests.xctest */ = {isa = PBXFileReference; explicitFileType = wrapper.cfbundle; includeInIndex = 0; path = DeckOfCardsUITests.xctest; sourceTree = BUILT_PRODUCTS_DIR; };
		EC346E192C7B381E00057986 /* DeckOfCardsUITests.swift */ = {isa = PBXFileReference; lastKnownFileType = sourcecode.swift; path = DeckOfCardsUITests.swift; sourceTree = "<group>"; };
		EC346E1B2C7B381E00057986 /* DeckOfCardsUITestsLaunchTests.swift */ = {isa = PBXFileReference; lastKnownFileType = sourcecode.swift; path = DeckOfCardsUITestsLaunchTests.swift; sourceTree = "<group>"; };
		EC374F982C7BA84200F6C80B /* DeckService.swift */ = {isa = PBXFileReference; lastKnownFileType = sourcecode.swift; path = DeckService.swift; sourceTree = "<group>"; };
		EC374F9A2C7BA86600F6C80B /* Card.swift */ = {isa = PBXFileReference; lastKnownFileType = sourcecode.swift; path = Card.swift; sourceTree = "<group>"; };
		EC374F9C2C7BA87300F6C80B /* Player.swift */ = {isa = PBXFileReference; lastKnownFileType = sourcecode.swift; path = Player.swift; sourceTree = "<group>"; };
		EC374F9E2C7BA8D800F6C80B /* DeckResponse.swift */ = {isa = PBXFileReference; lastKnownFileType = sourcecode.swift; path = DeckResponse.swift; sourceTree = "<group>"; };
		EC374FA02C7BA93C00F6C80B /* DeckGameViewModel.swift */ = {isa = PBXFileReference; lastKnownFileType = sourcecode.swift; path = DeckGameViewModel.swift; sourceTree = "<group>"; };
		EC374FA22C7BAB8000F6C80B /* Networking */ = {isa = PBXFileReference; lastKnownFileType = wrapper; name = Networking; path = DeckOfCards/Networking/Networking; sourceTree = "<group>"; };
		EC374FAB2C7BC08200F6C80B /* DeckEndpoint.swift */ = {isa = PBXFileReference; lastKnownFileType = sourcecode.swift; path = DeckEndpoint.swift; sourceTree = "<group>"; };
		EC374FAD2C7BC15B00F6C80B /* Constants.swift */ = {isa = PBXFileReference; lastKnownFileType = sourcecode.swift; path = Constants.swift; sourceTree = "<group>"; };
		EC374FAF2C7BC17B00F6C80B /* APIConstants.swift */ = {isa = PBXFileReference; lastKnownFileType = sourcecode.swift; path = APIConstants.swift; sourceTree = "<group>"; };
		EC7B92352C7C971900636C80 /* CardView.swift */ = {isa = PBXFileReference; lastKnownFileType = sourcecode.swift; path = CardView.swift; sourceTree = "<group>"; };
/* End PBXFileReference section */

/* Begin PBXFrameworksBuildPhase section */
		EC346DF82C7B381B00057986 /* Frameworks */ = {
			isa = PBXFrameworksBuildPhase;
			buildActionMask = 2147483647;
			files = (
				EC374FA52C7BAB9800F6C80B /* Networking in Frameworks */,
			);
			runOnlyForDeploymentPostprocessing = 0;
		};
		EC346E082C7B381E00057986 /* Frameworks */ = {
			isa = PBXFrameworksBuildPhase;
			buildActionMask = 2147483647;
			files = (
			);
			runOnlyForDeploymentPostprocessing = 0;
		};
		EC346E122C7B381E00057986 /* Frameworks */ = {
			isa = PBXFrameworksBuildPhase;
			buildActionMask = 2147483647;
			files = (
			);
			runOnlyForDeploymentPostprocessing = 0;
		};
/* End PBXFrameworksBuildPhase section */

/* Begin PBXGroup section */
		EC346DF22C7B381B00057986 = {
			isa = PBXGroup;
			children = (
				EC374FA22C7BAB8000F6C80B /* Networking */,
				EC346DFD2C7B381B00057986 /* DeckOfCards */,
				EC346E0E2C7B381E00057986 /* DeckOfCardsTests */,
				EC346E182C7B381E00057986 /* DeckOfCardsUITests */,
				EC346DFC2C7B381B00057986 /* Products */,
				EC374FA32C7BAB9800F6C80B /* Frameworks */,
			);
			sourceTree = "<group>";
		};
		EC346DFC2C7B381B00057986 /* Products */ = {
			isa = PBXGroup;
			children = (
				EC346DFB2C7B381B00057986 /* DeckOfCards.app */,
				EC346E0B2C7B381E00057986 /* DeckOfCardsTests.xctest */,
				EC346E152C7B381E00057986 /* DeckOfCardsUITests.xctest */,
			);
			name = Products;
			sourceTree = "<group>";
		};
		EC346DFD2C7B381B00057986 /* DeckOfCards */ = {
			isa = PBXGroup;
			children = (
				EC374FA92C7BB03C00F6C80B /* Sources */,
				EC346E022C7B381E00057986 /* Assets.xcassets */,
				EC346E042C7B381E00057986 /* Preview Content */,
			);
			path = DeckOfCards;
			sourceTree = "<group>";
		};
		EC346E042C7B381E00057986 /* Preview Content */ = {
			isa = PBXGroup;
			children = (
				EC346E052C7B381E00057986 /* Preview Assets.xcassets */,
			);
			path = "Preview Content";
			sourceTree = "<group>";
		};
		EC346E0E2C7B381E00057986 /* DeckOfCardsTests */ = {
			isa = PBXGroup;
			children = (
				EC346E0F2C7B381E00057986 /* DeckOfCardsTests.swift */,
			);
			path = DeckOfCardsTests;
			sourceTree = "<group>";
		};
		EC346E182C7B381E00057986 /* DeckOfCardsUITests */ = {
			isa = PBXGroup;
			children = (
				EC346E192C7B381E00057986 /* DeckOfCardsUITests.swift */,
				EC346E1B2C7B381E00057986 /* DeckOfCardsUITestsLaunchTests.swift */,
			);
			path = DeckOfCardsUITests;
			sourceTree = "<group>";
		};
		EC374FA32C7BAB9800F6C80B /* Frameworks */ = {
			isa = PBXGroup;
			children = (
			);
			name = Frameworks;
			sourceTree = "<group>";
		};
		EC374FA62C7BB02000F6C80B /* Service */ = {
			isa = PBXGroup;
			children = (
				EC374F9E2C7BA8D800F6C80B /* DeckResponse.swift */,
				EC374F982C7BA84200F6C80B /* DeckService.swift */,
				EC374FAB2C7BC08200F6C80B /* DeckEndpoint.swift */,
				EC374FAF2C7BC17B00F6C80B /* APIConstants.swift */,
			);
			path = Service;
			sourceTree = "<group>";
		};
		EC374FA72C7BB02700F6C80B /* Model */ = {
			isa = PBXGroup;
			children = (
				EC374F9C2C7BA87300F6C80B /* Player.swift */,
				EC374F9A2C7BA86600F6C80B /* Card.swift */,
			);
			path = Model;
			sourceTree = "<group>";
		};
		EC374FA82C7BB02E00F6C80B /* Views */ = {
			isa = PBXGroup;
			children = (
				EC7B92342C7C970B00636C80 /* CardView */,
				EC374FA02C7BA93C00F6C80B /* DeckGameViewModel.swift */,
				EC346E002C7B381B00057986 /* ContentView.swift */,
			);
			path = Views;
			sourceTree = "<group>";
		};
		EC374FA92C7BB03C00F6C80B /* Sources */ = {
			isa = PBXGroup;
			children = (
				EC346DFE2C7B381B00057986 /* DeckOfCardsApp.swift */,
				EC374FA62C7BB02000F6C80B /* Service */,
				EC374FA72C7BB02700F6C80B /* Model */,
				EC374FA82C7BB02E00F6C80B /* Views */,
				EC374FAA2C7BC06900F6C80B /* Constants */,
			);
			path = Sources;
			sourceTree = "<group>";
		};
		EC374FAA2C7BC06900F6C80B /* Constants */ = {
			isa = PBXGroup;
			children = (
				EC374FAD2C7BC15B00F6C80B /* Constants.swift */,
			);
			path = Constants;
			sourceTree = "<group>";
		};
		EC7B92342C7C970B00636C80 /* CardView */ = {
			isa = PBXGroup;
			children = (
				EC7B92352C7C971900636C80 /* CardView.swift */,
			);
			path = CardView;
			sourceTree = "<group>";
		};
/* End PBXGroup section */

/* Begin PBXNativeTarget section */
		EC346DFA2C7B381B00057986 /* DeckOfCards */ = {
			isa = PBXNativeTarget;
			buildConfigurationList = EC346E1F2C7B381E00057986 /* Build configuration list for PBXNativeTarget "DeckOfCards" */;
			buildPhases = (
				EC346DF72C7B381B00057986 /* Sources */,
				EC346DF82C7B381B00057986 /* Frameworks */,
				EC346DF92C7B381B00057986 /* Resources */,
			);
			buildRules = (
			);
			dependencies = (
			);
			name = DeckOfCards;
			packageProductDependencies = (
				EC374FA42C7BAB9800F6C80B /* Networking */,
			);
			productName = DeckOfCards;
			productReference = EC346DFB2C7B381B00057986 /* DeckOfCards.app */;
			productType = "com.apple.product-type.application";
		};
		EC346E0A2C7B381E00057986 /* DeckOfCardsTests */ = {
			isa = PBXNativeTarget;
			buildConfigurationList = EC346E222C7B381E00057986 /* Build configuration list for PBXNativeTarget "DeckOfCardsTests" */;
			buildPhases = (
				EC346E072C7B381E00057986 /* Sources */,
				EC346E082C7B381E00057986 /* Frameworks */,
				EC346E092C7B381E00057986 /* Resources */,
			);
			buildRules = (
			);
			dependencies = (
				EC346E0D2C7B381E00057986 /* PBXTargetDependency */,
			);
			name = DeckOfCardsTests;
			productName = DeckOfCardsTests;
			productReference = EC346E0B2C7B381E00057986 /* DeckOfCardsTests.xctest */;
			productType = "com.apple.product-type.bundle.unit-test";
		};
		EC346E142C7B381E00057986 /* DeckOfCardsUITests */ = {
			isa = PBXNativeTarget;
			buildConfigurationList = EC346E252C7B381E00057986 /* Build configuration list for PBXNativeTarget "DeckOfCardsUITests" */;
			buildPhases = (
				EC346E112C7B381E00057986 /* Sources */,
				EC346E122C7B381E00057986 /* Frameworks */,
				EC346E132C7B381E00057986 /* Resources */,
			);
			buildRules = (
			);
			dependencies = (
				EC346E172C7B381E00057986 /* PBXTargetDependency */,
			);
			name = DeckOfCardsUITests;
			productName = DeckOfCardsUITests;
			productReference = EC346E152C7B381E00057986 /* DeckOfCardsUITests.xctest */;
			productType = "com.apple.product-type.bundle.ui-testing";
		};
/* End PBXNativeTarget section */

/* Begin PBXProject section */
		EC346DF32C7B381B00057986 /* Project object */ = {
			isa = PBXProject;
			attributes = {
				BuildIndependentTargetsInParallel = 1;
				LastSwiftUpdateCheck = 1540;
				LastUpgradeCheck = 1540;
				TargetAttributes = {
					EC346DFA2C7B381B00057986 = {
						CreatedOnToolsVersion = 15.4;
					};
					EC346E0A2C7B381E00057986 = {
						CreatedOnToolsVersion = 15.4;
						TestTargetID = EC346DFA2C7B381B00057986;
					};
					EC346E142C7B381E00057986 = {
						CreatedOnToolsVersion = 15.4;
						TestTargetID = EC346DFA2C7B381B00057986;
					};
				};
			};
			buildConfigurationList = EC346DF62C7B381B00057986 /* Build configuration list for PBXProject "DeckOfCards" */;
			compatibilityVersion = "Xcode 14.0";
			developmentRegion = en;
			hasScannedForEncodings = 0;
			knownRegions = (
				en,
				Base,
			);
			mainGroup = EC346DF22C7B381B00057986;
			productRefGroup = EC346DFC2C7B381B00057986 /* Products */;
			projectDirPath = "";
			projectRoot = "";
			targets = (
				EC346DFA2C7B381B00057986 /* DeckOfCards */,
				EC346E0A2C7B381E00057986 /* DeckOfCardsTests */,
				EC346E142C7B381E00057986 /* DeckOfCardsUITests */,
			);
		};
/* End PBXProject section */

/* Begin PBXResourcesBuildPhase section */
		EC346DF92C7B381B00057986 /* Resources */ = {
			isa = PBXResourcesBuildPhase;
			buildActionMask = 2147483647;
			files = (
				EC346E062C7B381E00057986 /* Preview Assets.xcassets in Resources */,
				EC346E032C7B381E00057986 /* Assets.xcassets in Resources */,
			);
			runOnlyForDeploymentPostprocessing = 0;
		};
		EC346E092C7B381E00057986 /* Resources */ = {
			isa = PBXResourcesBuildPhase;
			buildActionMask = 2147483647;
			files = (
			);
			runOnlyForDeploymentPostprocessing = 0;
		};
		EC346E132C7B381E00057986 /* Resources */ = {
			isa = PBXResourcesBuildPhase;
			buildActionMask = 2147483647;
			files = (
			);
			runOnlyForDeploymentPostprocessing = 0;
		};
/* End PBXResourcesBuildPhase section */

/* Begin PBXSourcesBuildPhase section */
		EC346DF72C7B381B00057986 /* Sources */ = {
			isa = PBXSourcesBuildPhase;
			buildActionMask = 2147483647;
			files = (
				EC374F992C7BA84200F6C80B /* DeckService.swift in Sources */,
				EC374F9F2C7BA8D800F6C80B /* DeckResponse.swift in Sources */,
				EC346E012C7B381B00057986 /* ContentView.swift in Sources */,
				EC346DFF2C7B381B00057986 /* DeckOfCardsApp.swift in Sources */,
				EC374F9D2C7BA87300F6C80B /* Player.swift in Sources */,
				EC374FAC2C7BC08200F6C80B /* DeckEndpoint.swift in Sources */,
				EC374FB02C7BC17B00F6C80B /* APIConstants.swift in Sources */,
				EC374FA12C7BA93C00F6C80B /* DeckGameViewModel.swift in Sources */,
				EC374F9B2C7BA86600F6C80B /* Card.swift in Sources */,
				EC7B92362C7C971900636C80 /* CardView.swift in Sources */,
				EC374FAE2C7BC15B00F6C80B /* Constants.swift in Sources */,
			);
			runOnlyForDeploymentPostprocessing = 0;
		};
		EC346E072C7B381E00057986 /* Sources */ = {
			isa = PBXSourcesBuildPhase;
			buildActionMask = 2147483647;
			files = (
				EC346E102C7B381E00057986 /* DeckOfCardsTests.swift in Sources */,
			);
			runOnlyForDeploymentPostprocessing = 0;
		};
		EC346E112C7B381E00057986 /* Sources */ = {
			isa = PBXSourcesBuildPhase;
			buildActionMask = 2147483647;
			files = (
				EC346E1C2C7B381E00057986 /* DeckOfCardsUITestsLaunchTests.swift in Sources */,
				EC346E1A2C7B381E00057986 /* DeckOfCardsUITests.swift in Sources */,
			);
			runOnlyForDeploymentPostprocessing = 0;
		};
/* End PBXSourcesBuildPhase section */

/* Begin PBXTargetDependency section */
		EC346E0D2C7B381E00057986 /* PBXTargetDependency */ = {
			isa = PBXTargetDependency;
			target = EC346DFA2C7B381B00057986 /* DeckOfCards */;
			targetProxy = EC346E0C2C7B381E00057986 /* PBXContainerItemProxy */;
		};
		EC346E172C7B381E00057986 /* PBXTargetDependency */ = {
			isa = PBXTargetDependency;
			target = EC346DFA2C7B381B00057986 /* DeckOfCards */;
			targetProxy = EC346E162C7B381E00057986 /* PBXContainerItemProxy */;
		};
/* End PBXTargetDependency section */

/* Begin XCBuildConfiguration section */
		EC346E1D2C7B381E00057986 /* Debug */ = {
			isa = XCBuildConfiguration;
			buildSettings = {
				ALWAYS_SEARCH_USER_PATHS = NO;
				ASSETCATALOG_COMPILER_GENERATE_SWIFT_ASSET_SYMBOL_EXTENSIONS = YES;
				CLANG_ANALYZER_NONNULL = YES;
				CLANG_ANALYZER_NUMBER_OBJECT_CONVERSION = YES_AGGRESSIVE;
				CLANG_CXX_LANGUAGE_STANDARD = "gnu++20";
				CLANG_ENABLE_MODULES = YES;
				CLANG_ENABLE_OBJC_ARC = YES;
				CLANG_ENABLE_OBJC_WEAK = YES;
				CLANG_WARN_BLOCK_CAPTURE_AUTORELEASING = YES;
				CLANG_WARN_BOOL_CONVERSION = YES;
				CLANG_WARN_COMMA = YES;
				CLANG_WARN_CONSTANT_CONVERSION = YES;
				CLANG_WARN_DEPRECATED_OBJC_IMPLEMENTATIONS = YES;
				CLANG_WARN_DIRECT_OBJC_ISA_USAGE = YES_ERROR;
				CLANG_WARN_DOCUMENTATION_COMMENTS = YES;
				CLANG_WARN_EMPTY_BODY = YES;
				CLANG_WARN_ENUM_CONVERSION = YES;
				CLANG_WARN_INFINITE_RECURSION = YES;
				CLANG_WARN_INT_CONVERSION = YES;
				CLANG_WARN_NON_LITERAL_NULL_CONVERSION = YES;
				CLANG_WARN_OBJC_IMPLICIT_RETAIN_SELF = YES;
				CLANG_WARN_OBJC_LITERAL_CONVERSION = YES;
				CLANG_WARN_OBJC_ROOT_CLASS = YES_ERROR;
				CLANG_WARN_QUOTED_INCLUDE_IN_FRAMEWORK_HEADER = YES;
				CLANG_WARN_RANGE_LOOP_ANALYSIS = YES;
				CLANG_WARN_STRICT_PROTOTYPES = YES;
				CLANG_WARN_SUSPICIOUS_MOVE = YES;
				CLANG_WARN_UNGUARDED_AVAILABILITY = YES_AGGRESSIVE;
				CLANG_WARN_UNREACHABLE_CODE = YES;
				CLANG_WARN__DUPLICATE_METHOD_MATCH = YES;
				COPY_PHASE_STRIP = NO;
				DEBUG_INFORMATION_FORMAT = dwarf;
				ENABLE_STRICT_OBJC_MSGSEND = YES;
				ENABLE_TESTABILITY = YES;
				ENABLE_USER_SCRIPT_SANDBOXING = YES;
				GCC_C_LANGUAGE_STANDARD = gnu17;
				GCC_DYNAMIC_NO_PIC = NO;
				GCC_NO_COMMON_BLOCKS = YES;
				GCC_OPTIMIZATION_LEVEL = 0;
				GCC_PREPROCESSOR_DEFINITIONS = (
					"DEBUG=1",
					"$(inherited)",
				);
				GCC_WARN_64_TO_32_BIT_CONVERSION = YES;
				GCC_WARN_ABOUT_RETURN_TYPE = YES_ERROR;
				GCC_WARN_UNDECLARED_SELECTOR = YES;
				GCC_WARN_UNINITIALIZED_AUTOS = YES_AGGRESSIVE;
				GCC_WARN_UNUSED_FUNCTION = YES;
				GCC_WARN_UNUSED_VARIABLE = YES;
				IPHONEOS_DEPLOYMENT_TARGET = 17.5;
				LOCALIZATION_PREFERS_STRING_CATALOGS = YES;
				MTL_ENABLE_DEBUG_INFO = INCLUDE_SOURCE;
				MTL_FAST_MATH = YES;
				ONLY_ACTIVE_ARCH = YES;
				SDKROOT = iphoneos;
				SWIFT_ACTIVE_COMPILATION_CONDITIONS = "DEBUG $(inherited)";
				SWIFT_OPTIMIZATION_LEVEL = "-Onone";
			};
			name = Debug;
		};
		EC346E1E2C7B381E00057986 /* Release */ = {
			isa = XCBuildConfiguration;
			buildSettings = {
				ALWAYS_SEARCH_USER_PATHS = NO;
				ASSETCATALOG_COMPILER_GENERATE_SWIFT_ASSET_SYMBOL_EXTENSIONS = YES;
				CLANG_ANALYZER_NONNULL = YES;
				CLANG_ANALYZER_NUMBER_OBJECT_CONVERSION = YES_AGGRESSIVE;
				CLANG_CXX_LANGUAGE_STANDARD = "gnu++20";
				CLANG_ENABLE_MODULES = YES;
				CLANG_ENABLE_OBJC_ARC = YES;
				CLANG_ENABLE_OBJC_WEAK = YES;
				CLANG_WARN_BLOCK_CAPTURE_AUTORELEASING = YES;
				CLANG_WARN_BOOL_CONVERSION = YES;
				CLANG_WARN_COMMA = YES;
				CLANG_WARN_CONSTANT_CONVERSION = YES;
				CLANG_WARN_DEPRECATED_OBJC_IMPLEMENTATIONS = YES;
				CLANG_WARN_DIRECT_OBJC_ISA_USAGE = YES_ERROR;
				CLANG_WARN_DOCUMENTATION_COMMENTS = YES;
				CLANG_WARN_EMPTY_BODY = YES;
				CLANG_WARN_ENUM_CONVERSION = YES;
				CLANG_WARN_INFINITE_RECURSION = YES;
				CLANG_WARN_INT_CONVERSION = YES;
				CLANG_WARN_NON_LITERAL_NULL_CONVERSION = YES;
				CLANG_WARN_OBJC_IMPLICIT_RETAIN_SELF = YES;
				CLANG_WARN_OBJC_LITERAL_CONVERSION = YES;
				CLANG_WARN_OBJC_ROOT_CLASS = YES_ERROR;
				CLANG_WARN_QUOTED_INCLUDE_IN_FRAMEWORK_HEADER = YES;
				CLANG_WARN_RANGE_LOOP_ANALYSIS = YES;
				CLANG_WARN_STRICT_PROTOTYPES = YES;
				CLANG_WARN_SUSPICIOUS_MOVE = YES;
				CLANG_WARN_UNGUARDED_AVAILABILITY = YES_AGGRESSIVE;
				CLANG_WARN_UNREACHABLE_CODE = YES;
				CLANG_WARN__DUPLICATE_METHOD_MATCH = YES;
				COPY_PHASE_STRIP = NO;
				DEBUG_INFORMATION_FORMAT = "dwarf-with-dsym";
				ENABLE_NS_ASSERTIONS = NO;
				ENABLE_STRICT_OBJC_MSGSEND = YES;
				ENABLE_USER_SCRIPT_SANDBOXING = YES;
				GCC_C_LANGUAGE_STANDARD = gnu17;
				GCC_NO_COMMON_BLOCKS = YES;
				GCC_WARN_64_TO_32_BIT_CONVERSION = YES;
				GCC_WARN_ABOUT_RETURN_TYPE = YES_ERROR;
				GCC_WARN_UNDECLARED_SELECTOR = YES;
				GCC_WARN_UNINITIALIZED_AUTOS = YES_AGGRESSIVE;
				GCC_WARN_UNUSED_FUNCTION = YES;
				GCC_WARN_UNUSED_VARIABLE = YES;
				IPHONEOS_DEPLOYMENT_TARGET = 17.5;
				LOCALIZATION_PREFERS_STRING_CATALOGS = YES;
				MTL_ENABLE_DEBUG_INFO = NO;
				MTL_FAST_MATH = YES;
				SDKROOT = iphoneos;
				SWIFT_COMPILATION_MODE = wholemodule;
				VALIDATE_PRODUCT = YES;
			};
			name = Release;
		};
		EC346E202C7B381E00057986 /* Debug */ = {
			isa = XCBuildConfiguration;
			buildSettings = {
				ASSETCATALOG_COMPILER_APPICON_NAME = AppIcon;
				ASSETCATALOG_COMPILER_GLOBAL_ACCENT_COLOR_NAME = AccentColor;
				CODE_SIGN_STYLE = Automatic;
				CURRENT_PROJECT_VERSION = 1;
				DEVELOPMENT_ASSET_PATHS = "\"DeckOfCards/Preview Content\"";
				DEVELOPMENT_TEAM = 32AJH6323X;
				ENABLE_PREVIEWS = YES;
				GENERATE_INFOPLIST_FILE = YES;
				INFOPLIST_KEY_LSApplicationCategoryType = "public.app-category.card-games";
				INFOPLIST_KEY_UIApplicationSceneManifest_Generation = YES;
				INFOPLIST_KEY_UIApplicationSupportsIndirectInputEvents = YES;
				INFOPLIST_KEY_UILaunchScreen_Generation = YES;
				INFOPLIST_KEY_UISupportedInterfaceOrientations = UIInterfaceOrientationPortrait;
				LD_RUNPATH_SEARCH_PATHS = (
					"$(inherited)",
					"@executable_path/Frameworks",
				);
				MARKETING_VERSION = 1.0;
				PRODUCT_BUNDLE_IDENTIFIER = com.suhit.ios.DeckOfCards;
				PRODUCT_NAME = "$(TARGET_NAME)";
				SWIFT_EMIT_LOC_STRINGS = YES;
				SWIFT_VERSION = 5.0;
				TARGETED_DEVICE_FAMILY = "1,2";
			};
			name = Debug;
		};
		EC346E212C7B381E00057986 /* Release */ = {
			isa = XCBuildConfiguration;
			buildSettings = {
				ASSETCATALOG_COMPILER_APPICON_NAME = AppIcon;
				ASSETCATALOG_COMPILER_GLOBAL_ACCENT_COLOR_NAME = AccentColor;
				CODE_SIGN_STYLE = Automatic;
				CURRENT_PROJECT_VERSION = 1;
				DEVELOPMENT_ASSET_PATHS = "\"DeckOfCards/Preview Content\"";
				DEVELOPMENT_TEAM = 32AJH6323X;
				ENABLE_PREVIEWS = YES;
				GENERATE_INFOPLIST_FILE = YES;
				INFOPLIST_KEY_LSApplicationCategoryType = "public.app-category.card-games";
				INFOPLIST_KEY_UIApplicationSceneManifest_Generation = YES;
				INFOPLIST_KEY_UIApplicationSupportsIndirectInputEvents = YES;
				INFOPLIST_KEY_UILaunchScreen_Generation = YES;
				INFOPLIST_KEY_UISupportedInterfaceOrientations = UIInterfaceOrientationPortrait;
				LD_RUNPATH_SEARCH_PATHS = (
					"$(inherited)",
					"@executable_path/Frameworks",
				);
				MARKETING_VERSION = 1.0;
				PRODUCT_BUNDLE_IDENTIFIER = com.suhit.ios.DeckOfCards;
				PRODUCT_NAME = "$(TARGET_NAME)";
				SWIFT_EMIT_LOC_STRINGS = YES;
				SWIFT_VERSION = 5.0;
				TARGETED_DEVICE_FAMILY = "1,2";
			};
			name = Release;
		};
		EC346E232C7B381E00057986 /* Debug */ = {
			isa = XCBuildConfiguration;
			buildSettings = {
				ALWAYS_EMBED_SWIFT_STANDARD_LIBRARIES = YES;
				BUNDLE_LOADER = "$(TEST_HOST)";
				CODE_SIGN_STYLE = Automatic;
				CURRENT_PROJECT_VERSION = 1;
				DEVELOPMENT_TEAM = 32AJH6323X;
				GENERATE_INFOPLIST_FILE = YES;
				IPHONEOS_DEPLOYMENT_TARGET = 17.5;
				MARKETING_VERSION = 1.0;
				PRODUCT_BUNDLE_IDENTIFIER = com.suhit.ios.DeckOfCardsTests;
				PRODUCT_NAME = "$(TARGET_NAME)";
				SWIFT_EMIT_LOC_STRINGS = NO;
				SWIFT_VERSION = 5.0;
				TARGETED_DEVICE_FAMILY = "1,2";
				TEST_HOST = "$(BUILT_PRODUCTS_DIR)/DeckOfCards.app/$(BUNDLE_EXECUTABLE_FOLDER_PATH)/DeckOfCards";
			};
			name = Debug;
		};
		EC346E242C7B381E00057986 /* Release */ = {
			isa = XCBuildConfiguration;
			buildSettings = {
				ALWAYS_EMBED_SWIFT_STANDARD_LIBRARIES = YES;
				BUNDLE_LOADER = "$(TEST_HOST)";
				CODE_SIGN_STYLE = Automatic;
				CURRENT_PROJECT_VERSION = 1;
				DEVELOPMENT_TEAM = 32AJH6323X;
				GENERATE_INFOPLIST_FILE = YES;
				IPHONEOS_DEPLOYMENT_TARGET = 17.5;
				MARKETING_VERSION = 1.0;
				PRODUCT_BUNDLE_IDENTIFIER = com.suhit.ios.DeckOfCardsTests;
				PRODUCT_NAME = "$(TARGET_NAME)";
				SWIFT_EMIT_LOC_STRINGS = NO;
				SWIFT_VERSION = 5.0;
				TARGETED_DEVICE_FAMILY = "1,2";
				TEST_HOST = "$(BUILT_PRODUCTS_DIR)/DeckOfCards.app/$(BUNDLE_EXECUTABLE_FOLDER_PATH)/DeckOfCards";
			};
			name = Release;
		};
		EC346E262C7B381E00057986 /* Debug */ = {
			isa = XCBuildConfiguration;
			buildSettings = {
				ALWAYS_EMBED_SWIFT_STANDARD_LIBRARIES = YES;
				CODE_SIGN_STYLE = Automatic;
				CURRENT_PROJECT_VERSION = 1;
				DEVELOPMENT_TEAM = 32AJH6323X;
				GENERATE_INFOPLIST_FILE = YES;
				MARKETING_VERSION = 1.0;
				PRODUCT_BUNDLE_IDENTIFIER = com.suhit.ios.DeckOfCardsUITests;
				PRODUCT_NAME = "$(TARGET_NAME)";
				SWIFT_EMIT_LOC_STRINGS = NO;
				SWIFT_VERSION = 5.0;
				TARGETED_DEVICE_FAMILY = "1,2";
				TEST_TARGET_NAME = DeckOfCards;
			};
			name = Debug;
		};
		EC346E272C7B381E00057986 /* Release */ = {
			isa = XCBuildConfiguration;
			buildSettings = {
				ALWAYS_EMBED_SWIFT_STANDARD_LIBRARIES = YES;
				CODE_SIGN_STYLE = Automatic;
				CURRENT_PROJECT_VERSION = 1;
				DEVELOPMENT_TEAM = 32AJH6323X;
				GENERATE_INFOPLIST_FILE = YES;
				MARKETING_VERSION = 1.0;
				PRODUCT_BUNDLE_IDENTIFIER = com.suhit.ios.DeckOfCardsUITests;
				PRODUCT_NAME = "$(TARGET_NAME)";
				SWIFT_EMIT_LOC_STRINGS = NO;
				SWIFT_VERSION = 5.0;
				TARGETED_DEVICE_FAMILY = "1,2";
				TEST_TARGET_NAME = DeckOfCards;
			};
			name = Release;
		};
/* End XCBuildConfiguration section */

/* Begin XCConfigurationList section */
		EC346DF62C7B381B00057986 /* Build configuration list for PBXProject "DeckOfCards" */ = {
			isa = XCConfigurationList;
			buildConfigurations = (
				EC346E1D2C7B381E00057986 /* Debug */,
				EC346E1E2C7B381E00057986 /* Release */,
			);
			defaultConfigurationIsVisible = 0;
			defaultConfigurationName = Release;
		};
		EC346E1F2C7B381E00057986 /* Build configuration list for PBXNativeTarget "DeckOfCards" */ = {
			isa = XCConfigurationList;
			buildConfigurations = (
				EC346E202C7B381E00057986 /* Debug */,
				EC346E212C7B381E00057986 /* Release */,
			);
			defaultConfigurationIsVisible = 0;
			defaultConfigurationName = Release;
		};
		EC346E222C7B381E00057986 /* Build configuration list for PBXNativeTarget "DeckOfCardsTests" */ = {
			isa = XCConfigurationList;
			buildConfigurations = (
				EC346E232C7B381E00057986 /* Debug */,
				EC346E242C7B381E00057986 /* Release */,
			);
			defaultConfigurationIsVisible = 0;
			defaultConfigurationName = Release;
		};
		EC346E252C7B381E00057986 /* Build configuration list for PBXNativeTarget "DeckOfCardsUITests" */ = {
			isa = XCConfigurationList;
			buildConfigurations = (
				EC346E262C7B381E00057986 /* Debug */,
				EC346E272C7B381E00057986 /* Release */,
			);
			defaultConfigurationIsVisible = 0;
			defaultConfigurationName = Release;
		};
/* End XCConfigurationList section */

/* Begin XCSwiftPackageProductDependency section */
		EC374FA42C7BAB9800F6C80B /* Networking */ = {
			isa = XCSwiftPackageProductDependency;
			productName = Networking;
		};
/* End XCSwiftPackageProductDependency section */
	};
	rootObject = EC346DF32C7B381B00057986 /* Project object */;
}
